// !$*UTF8*$!
{
	archiveVersion = 1;
	classes = {
	};
	objectVersion = 51;
	objects = {

/* Begin PBXBuildFile section */
		1F3185BB25B4579100C4743F /* Data.xcdatamodeld in Sources */ = {isa = PBXBuildFile; fileRef = 1F3185B925B4579100C4743F /* Data.xcdatamodeld */; };
		1F3185C025B45AFE00C4743F /* CoreDataManager.swift in Sources */ = {isa = PBXBuildFile; fileRef = 1F3185BF25B45AFE00C4743F /* CoreDataManager.swift */; };
		1F84D15425A5F1CB00969F09 /* Alert.swift in Sources */ = {isa = PBXBuildFile; fileRef = 1F84D15325A5F1CB00969F09 /* Alert.swift */; };
		1F84D15725A8AF0900969F09 /* HCalendar.swift in Sources */ = {isa = PBXBuildFile; fileRef = 1F84D15625A8AF0900969F09 /* HCalendar.swift */; };
		1FC02B81259E807700AC8142 /* AddDiaryController.swift in Sources */ = {isa = PBXBuildFile; fileRef = 1FC02B80259E807700AC8142 /* AddDiaryController.swift */; };
		1FC02B84259E83D600AC8142 /* Diary.swift in Sources */ = {isa = PBXBuildFile; fileRef = 1FC02B83259E83D600AC8142 /* Diary.swift */; };
		1FC15E1725ED0DE80021B16B /* DiaryCollectionTableViewController.swift in Sources */ = {isa = PBXBuildFile; fileRef = 1FC15E1625ED0DE80021B16B /* DiaryCollectionTableViewController.swift */; };
		1FE6078E2597514100A0882D /* SelectDateController.swift in Sources */ = {isa = PBXBuildFile; fileRef = 1FE6078D2597514100A0882D /* SelectDateController.swift */; };
		1FF13FC925BB129D008624D8 /* DiaryViewController.swift in Sources */ = {isa = PBXBuildFile; fileRef = 1FF13FC825BB129D008624D8 /* DiaryViewController.swift */; };
		1FF13FCC25BB12B6008624D8 /* ScheduleViewController.swift in Sources */ = {isa = PBXBuildFile; fileRef = 1FF13FCB25BB12B6008624D8 /* ScheduleViewController.swift */; };
		DAC709FEAA6782D0D541943E /* Pods_HARU.framework in Frameworks */ = {isa = PBXBuildFile; fileRef = 5EFBBBD9CCBF5AF7E4B6810D /* Pods_HARU.framework */; };
		EA024A0C25B7BB6200830C4A /* CalendarDropDownCell.swift in Sources */ = {isa = PBXBuildFile; fileRef = EA024A0A25B7BB6200830C4A /* CalendarDropDownCell.swift */; };
		EA024A0D25B7BB6200830C4A /* CalendarDropDownCell.xib in Resources */ = {isa = PBXBuildFile; fileRef = EA024A0B25B7BB6200830C4A /* CalendarDropDownCell.xib */; };
		EA1219B52594C255007EDE8E /* CalendarLoader.swift in Sources */ = {isa = PBXBuildFile; fileRef = EA1219B42594C255007EDE8E /* CalendarLoader.swift */; };
		EA3A414925B66CA40074282C /* AddEvent.storyboard in Resources */ = {isa = PBXBuildFile; fileRef = EA3A414825B66CA40074282C /* AddEvent.storyboard */; };
		EA50F77925F06B510003095D /* ScheduleTableViewModel.swift in Sources */ = {isa = PBXBuildFile; fileRef = EA50F77825F06B510003095D /* ScheduleTableViewModel.swift */; };
		EA66C24025E282820043A992 /* EventCollectionTableViewController.swift in Sources */ = {isa = PBXBuildFile; fileRef = EA66C23F25E282820043A992 /* EventCollectionTableViewController.swift */; };
		EA7393FA25E7967E00FEA2C7 /* EventDetailViewController.swift in Sources */ = {isa = PBXBuildFile; fileRef = EA7393F925E7967E00FEA2C7 /* EventDetailViewController.swift */; };
		EA7393FD25E796C700FEA2C7 /* EventDetailTableViewCell.swift in Sources */ = {isa = PBXBuildFile; fileRef = EA7393FC25E796C700FEA2C7 /* EventDetailTableViewCell.swift */; };
		EA73940025E7C94300FEA2C7 /* ButtonTableViewCell.swift in Sources */ = {isa = PBXBuildFile; fileRef = EA7393FF25E7C94300FEA2C7 /* ButtonTableViewCell.swift */; };
		EA7F836A2594749C008B8ED5 /* AppDelegate.swift in Sources */ = {isa = PBXBuildFile; fileRef = EA7F83692594749C008B8ED5 /* AppDelegate.swift */; };
		EA7F836C2594749C008B8ED5 /* SceneDelegate.swift in Sources */ = {isa = PBXBuildFile; fileRef = EA7F836B2594749C008B8ED5 /* SceneDelegate.swift */; };
		EA7F836E2594749C008B8ED5 /* ViewController.swift in Sources */ = {isa = PBXBuildFile; fileRef = EA7F836D2594749C008B8ED5 /* ViewController.swift */; };
		EA7F83712594749C008B8ED5 /* Main.storyboard in Resources */ = {isa = PBXBuildFile; fileRef = EA7F836F2594749C008B8ED5 /* Main.storyboard */; };
		EA7F83732594749D008B8ED5 /* Assets.xcassets in Resources */ = {isa = PBXBuildFile; fileRef = EA7F83722594749D008B8ED5 /* Assets.xcassets */; };
		EA7F83762594749D008B8ED5 /* LaunchScreen.storyboard in Resources */ = {isa = PBXBuildFile; fileRef = EA7F83742594749D008B8ED5 /* LaunchScreen.storyboard */; };
		EA9816C125F3BB8C00E9D4EB /* EventDetailTableViewModel.swift in Sources */ = {isa = PBXBuildFile; fileRef = EA9816C025F3BB8C00E9D4EB /* EventDetailTableViewModel.swift */; };
		EA9C881125B94687003FD749 /* EventDateSelectViewController.swift in Sources */ = {isa = PBXBuildFile; fileRef = EA9C881025B94687003FD749 /* EventDateSelectViewController.swift */; };
		EAA1A26225E2997F003B0D8A /* Extensions.swift in Sources */ = {isa = PBXBuildFile; fileRef = EAA1A26125E2997F003B0D8A /* Extensions.swift */; };
		EAA1A26625E2ABBF003B0D8A /* EventCollectionTableViewCell.swift in Sources */ = {isa = PBXBuildFile; fileRef = EAA1A26425E2ABBF003B0D8A /* EventCollectionTableViewCell.swift */; };
		EAA1A26725E2ABBF003B0D8A /* EventCollectionTableViewCell.xib in Resources */ = {isa = PBXBuildFile; fileRef = EAA1A26525E2ABBF003B0D8A /* EventCollectionTableViewCell.xib */; };
		EACCB58D25DA4C8F00733906 /* SetDateTableViewCell.swift in Sources */ = {isa = PBXBuildFile; fileRef = EACCB58C25DA4C8F00733906 /* SetDateTableViewCell.swift */; };
		EAD77DF625D814F30020C182 /* TitleSetTableViewCell.swift in Sources */ = {isa = PBXBuildFile; fileRef = EAD77DF525D814F30020C182 /* TitleSetTableViewCell.swift */; };
		EADB148725CAD54300E1D067 /* ScheduleTableViewCell.swift in Sources */ = {isa = PBXBuildFile; fileRef = EADB148625CAD54300E1D067 /* ScheduleTableViewCell.swift */; };
		EAE46E3B25DEA3EF001EF03C /* SetCalendarTableViewCell.swift in Sources */ = {isa = PBXBuildFile; fileRef = EAE46E3A25DEA3EF001EF03C /* SetCalendarTableViewCell.swift */; };
		EAE87E7A25AD85BC00AF18A5 /* AddEventViewController.swift in Sources */ = {isa = PBXBuildFile; fileRef = EAE87E7925AD85BC00AF18A5 /* AddEventViewController.swift */; };
		EAE9527C25D791EE00F4FA10 /* EventModifyViewController.swift in Sources */ = {isa = PBXBuildFile; fileRef = EAE9527B25D791EE00F4FA10 /* EventModifyViewController.swift */; };
		EAF5DD7D25F5E27300763AF5 /* MainCalendarCell.swift in Sources */ = {isa = PBXBuildFile; fileRef = EAF5DD7C25F5E27300763AF5 /* MainCalendarCell.swift */; };
		EAF5DD8025F5E41000763AF5 /* MainCalendarModel.swift in Sources */ = {isa = PBXBuildFile; fileRef = EAF5DD7F25F5E41000763AF5 /* MainCalendarModel.swift */; };
		EAF7F1BD25F4A6100029E787 /* EventCollectionTableViewModel.swift in Sources */ = {isa = PBXBuildFile; fileRef = EAF7F1BC25F4A6100029E787 /* EventCollectionTableViewModel.swift */; };
		EAF7F1C425F4B79E0029E787 /* EventCollectionTableViewController.storyboard in Resources */ = {isa = PBXBuildFile; fileRef = EAF7F1BF25F4B28A0029E787 /* EventCollectionTableViewController.storyboard */; };
		EAFE1BA125CD183F0084B31C /* EventHandler.swift in Sources */ = {isa = PBXBuildFile; fileRef = EAFE1BA025CD183F0084B31C /* EventHandler.swift */; };
/* End PBXBuildFile section */

/* Begin PBXFileReference section */
		1F3185BA25B4579100C4743F /* Data.xcdatamodel */ = {isa = PBXFileReference; lastKnownFileType = wrapper.xcdatamodel; path = Data.xcdatamodel; sourceTree = "<group>"; };
		1F3185BF25B45AFE00C4743F /* CoreDataManager.swift */ = {isa = PBXFileReference; lastKnownFileType = sourcecode.swift; path = CoreDataManager.swift; sourceTree = "<group>"; };
		1F84D15325A5F1CB00969F09 /* Alert.swift */ = {isa = PBXFileReference; lastKnownFileType = sourcecode.swift; path = Alert.swift; sourceTree = "<group>"; };
		1F84D15625A8AF0900969F09 /* HCalendar.swift */ = {isa = PBXFileReference; lastKnownFileType = sourcecode.swift; path = HCalendar.swift; sourceTree = "<group>"; };
		1FC02B80259E807700AC8142 /* AddDiaryController.swift */ = {isa = PBXFileReference; lastKnownFileType = sourcecode.swift; path = AddDiaryController.swift; sourceTree = "<group>"; };
		1FC02B83259E83D600AC8142 /* Diary.swift */ = {isa = PBXFileReference; lastKnownFileType = sourcecode.swift; path = Diary.swift; sourceTree = "<group>"; };
		1FC15E1625ED0DE80021B16B /* DiaryCollectionTableViewController.swift */ = {isa = PBXFileReference; lastKnownFileType = sourcecode.swift; path = DiaryCollectionTableViewController.swift; sourceTree = "<group>"; };
		1FE6078D2597514100A0882D /* SelectDateController.swift */ = {isa = PBXFileReference; lastKnownFileType = sourcecode.swift; path = SelectDateController.swift; sourceTree = "<group>"; };
		1FF13FC825BB129D008624D8 /* DiaryViewController.swift */ = {isa = PBXFileReference; lastKnownFileType = sourcecode.swift; path = DiaryViewController.swift; sourceTree = "<group>"; };
		1FF13FCB25BB12B6008624D8 /* ScheduleViewController.swift */ = {isa = PBXFileReference; lastKnownFileType = sourcecode.swift; path = ScheduleViewController.swift; sourceTree = "<group>"; };
		39EBF39A9C1E3087EF09460E /* Pods-HARU.debug.xcconfig */ = {isa = PBXFileReference; includeInIndex = 1; lastKnownFileType = text.xcconfig; name = "Pods-HARU.debug.xcconfig"; path = "Target Support Files/Pods-HARU/Pods-HARU.debug.xcconfig"; sourceTree = "<group>"; };
		54D27E88A803569AC424E619 /* Pods-HARU.release.xcconfig */ = {isa = PBXFileReference; includeInIndex = 1; lastKnownFileType = text.xcconfig; name = "Pods-HARU.release.xcconfig"; path = "Target Support Files/Pods-HARU/Pods-HARU.release.xcconfig"; sourceTree = "<group>"; };
		5EFBBBD9CCBF5AF7E4B6810D /* Pods_HARU.framework */ = {isa = PBXFileReference; explicitFileType = wrapper.framework; includeInIndex = 0; path = Pods_HARU.framework; sourceTree = BUILT_PRODUCTS_DIR; };
		EA024A0A25B7BB6200830C4A /* CalendarDropDownCell.swift */ = {isa = PBXFileReference; lastKnownFileType = sourcecode.swift; path = CalendarDropDownCell.swift; sourceTree = "<group>"; };
		EA024A0B25B7BB6200830C4A /* CalendarDropDownCell.xib */ = {isa = PBXFileReference; lastKnownFileType = file.xib; path = CalendarDropDownCell.xib; sourceTree = "<group>"; };
		EA1219B42594C255007EDE8E /* CalendarLoader.swift */ = {isa = PBXFileReference; lastKnownFileType = sourcecode.swift; name = CalendarLoader.swift; path = HARU/Classes/CalendarLoader.swift; sourceTree = SOURCE_ROOT; };
		EA3A414825B66CA40074282C /* AddEvent.storyboard */ = {isa = PBXFileReference; fileEncoding = 4; lastKnownFileType = file.storyboard; name = AddEvent.storyboard; path = HARU/AddEvent.storyboard; sourceTree = SOURCE_ROOT; };
		EA50F77825F06B510003095D /* ScheduleTableViewModel.swift */ = {isa = PBXFileReference; lastKnownFileType = sourcecode.swift; path = ScheduleTableViewModel.swift; sourceTree = "<group>"; };
		EA66C23F25E282820043A992 /* EventCollectionTableViewController.swift */ = {isa = PBXFileReference; lastKnownFileType = sourcecode.swift; path = EventCollectionTableViewController.swift; sourceTree = "<group>"; };
		EA7393F925E7967E00FEA2C7 /* EventDetailViewController.swift */ = {isa = PBXFileReference; lastKnownFileType = sourcecode.swift; path = EventDetailViewController.swift; sourceTree = "<group>"; };
		EA7393FC25E796C700FEA2C7 /* EventDetailTableViewCell.swift */ = {isa = PBXFileReference; lastKnownFileType = sourcecode.swift; path = EventDetailTableViewCell.swift; sourceTree = "<group>"; };
		EA7393FF25E7C94300FEA2C7 /* ButtonTableViewCell.swift */ = {isa = PBXFileReference; lastKnownFileType = sourcecode.swift; path = ButtonTableViewCell.swift; sourceTree = "<group>"; };
		EA7F83662594749C008B8ED5 /* HARU.app */ = {isa = PBXFileReference; explicitFileType = wrapper.application; includeInIndex = 0; path = HARU.app; sourceTree = BUILT_PRODUCTS_DIR; };
		EA7F83692594749C008B8ED5 /* AppDelegate.swift */ = {isa = PBXFileReference; lastKnownFileType = sourcecode.swift; path = AppDelegate.swift; sourceTree = "<group>"; };
		EA7F836B2594749C008B8ED5 /* SceneDelegate.swift */ = {isa = PBXFileReference; lastKnownFileType = sourcecode.swift; path = SceneDelegate.swift; sourceTree = "<group>"; };
		EA7F836D2594749C008B8ED5 /* ViewController.swift */ = {isa = PBXFileReference; lastKnownFileType = sourcecode.swift; path = ViewController.swift; sourceTree = "<group>"; };
		EA7F83702594749C008B8ED5 /* Base */ = {isa = PBXFileReference; lastKnownFileType = file.storyboard; name = Base; path = Base.lproj/Main.storyboard; sourceTree = "<group>"; };
		EA7F83722594749D008B8ED5 /* Assets.xcassets */ = {isa = PBXFileReference; lastKnownFileType = folder.assetcatalog; path = Assets.xcassets; sourceTree = "<group>"; };
		EA7F83752594749D008B8ED5 /* Base */ = {isa = PBXFileReference; lastKnownFileType = file.storyboard; name = Base; path = Base.lproj/LaunchScreen.storyboard; sourceTree = "<group>"; };
		EA7F83772594749D008B8ED5 /* Info.plist */ = {isa = PBXFileReference; lastKnownFileType = text.plist.xml; path = Info.plist; sourceTree = "<group>"; };
		EA9816C025F3BB8C00E9D4EB /* EventDetailTableViewModel.swift */ = {isa = PBXFileReference; lastKnownFileType = sourcecode.swift; path = EventDetailTableViewModel.swift; sourceTree = "<group>"; };
		EA9C881025B94687003FD749 /* EventDateSelectViewController.swift */ = {isa = PBXFileReference; lastKnownFileType = sourcecode.swift; path = EventDateSelectViewController.swift; sourceTree = "<group>"; };
		EAA1A26125E2997F003B0D8A /* Extensions.swift */ = {isa = PBXFileReference; lastKnownFileType = sourcecode.swift; path = Extensions.swift; sourceTree = "<group>"; };
		EAA1A26425E2ABBF003B0D8A /* EventCollectionTableViewCell.swift */ = {isa = PBXFileReference; lastKnownFileType = sourcecode.swift; path = EventCollectionTableViewCell.swift; sourceTree = "<group>"; };
		EAA1A26525E2ABBF003B0D8A /* EventCollectionTableViewCell.xib */ = {isa = PBXFileReference; lastKnownFileType = file.xib; path = EventCollectionTableViewCell.xib; sourceTree = "<group>"; };
		EACCB58C25DA4C8F00733906 /* SetDateTableViewCell.swift */ = {isa = PBXFileReference; lastKnownFileType = sourcecode.swift; path = SetDateTableViewCell.swift; sourceTree = "<group>"; };
		EAD77DF525D814F30020C182 /* TitleSetTableViewCell.swift */ = {isa = PBXFileReference; lastKnownFileType = sourcecode.swift; path = TitleSetTableViewCell.swift; sourceTree = "<group>"; };
		EADB148625CAD54300E1D067 /* ScheduleTableViewCell.swift */ = {isa = PBXFileReference; lastKnownFileType = sourcecode.swift; path = ScheduleTableViewCell.swift; sourceTree = "<group>"; };
		EAE46E3A25DEA3EF001EF03C /* SetCalendarTableViewCell.swift */ = {isa = PBXFileReference; lastKnownFileType = sourcecode.swift; path = SetCalendarTableViewCell.swift; sourceTree = "<group>"; };
		EAE87E7925AD85BC00AF18A5 /* AddEventViewController.swift */ = {isa = PBXFileReference; lastKnownFileType = sourcecode.swift; path = AddEventViewController.swift; sourceTree = "<group>"; };
		EAE9527B25D791EE00F4FA10 /* EventModifyViewController.swift */ = {isa = PBXFileReference; lastKnownFileType = sourcecode.swift; path = EventModifyViewController.swift; sourceTree = "<group>"; };
		EAF5DD7C25F5E27300763AF5 /* MainCalendarCell.swift */ = {isa = PBXFileReference; lastKnownFileType = sourcecode.swift; path = MainCalendarCell.swift; sourceTree = "<group>"; };
		EAF5DD7F25F5E41000763AF5 /* MainCalendarModel.swift */ = {isa = PBXFileReference; lastKnownFileType = sourcecode.swift; path = MainCalendarModel.swift; sourceTree = "<group>"; };
		EAF7F1BC25F4A6100029E787 /* EventCollectionTableViewModel.swift */ = {isa = PBXFileReference; lastKnownFileType = sourcecode.swift; path = EventCollectionTableViewModel.swift; sourceTree = "<group>"; };
		EAF7F1BF25F4B28A0029E787 /* EventCollectionTableViewController.storyboard */ = {isa = PBXFileReference; lastKnownFileType = file.storyboard; name = EventCollectionTableViewController.storyboard; path = /Users/leenamjun/HARU/HARU/HARU/Storyboards/EventCollectionTableViewController.storyboard; sourceTree = "<absolute>"; };
		EAFE1BA025CD183F0084B31C /* EventHandler.swift */ = {isa = PBXFileReference; lastKnownFileType = sourcecode.swift; path = EventHandler.swift; sourceTree = "<group>"; };
/* End PBXFileReference section */

/* Begin PBXFrameworksBuildPhase section */
		EA7F83632594749C008B8ED5 /* Frameworks */ = {
			isa = PBXFrameworksBuildPhase;
			buildActionMask = 2147483647;
			files = (
				DAC709FEAA6782D0D541943E /* Pods_HARU.framework in Frameworks */,
			);
			runOnlyForDeploymentPostprocessing = 0;
		};
/* End PBXFrameworksBuildPhase section */

/* Begin PBXGroup section */
		1F3185BE25B45AE200C4743F /* Data */ = {
			isa = PBXGroup;
			children = (
				1F3185B925B4579100C4743F /* Data.xcdatamodeld */,
				1F3185BF25B45AFE00C4743F /* CoreDataManager.swift */,
			);
			path = Data;
			sourceTree = "<group>";
		};
		43A1F05D4F2035B392D1F5DC /* Pods */ = {
			isa = PBXGroup;
			children = (
				39EBF39A9C1E3087EF09460E /* Pods-HARU.debug.xcconfig */,
				54D27E88A803569AC424E619 /* Pods-HARU.release.xcconfig */,
			);
			path = Pods;
			sourceTree = "<group>";
		};
		EA07FBF125B906BE003B2529 /* Classes */ = {
			isa = PBXGroup;
			children = (
				EA1219B42594C255007EDE8E /* CalendarLoader.swift */,
				EAFE1BA025CD183F0084B31C /* EventHandler.swift */,
			);
			path = Classes;
			sourceTree = "<group>";
		};
		EA3A414225B66C2E0074282C /* Storyboards */ = {
			isa = PBXGroup;
			children = (
				EA7F836F2594749C008B8ED5 /* Main.storyboard */,
				EA3A414825B66CA40074282C /* AddEvent.storyboard */,
				EAF7F1BF25F4B28A0029E787 /* EventCollectionTableViewController.storyboard */,
			);
			path = Storyboards;
			sourceTree = "<group>";
		};
		EA50F77725F06B3D0003095D /* Models */ = {
			isa = PBXGroup;
			children = (
				EA50F77825F06B510003095D /* ScheduleTableViewModel.swift */,
				EA9816C025F3BB8C00E9D4EB /* EventDetailTableViewModel.swift */,
				EAF7F1BC25F4A6100029E787 /* EventCollectionTableViewModel.swift */,
				EAF5DD7F25F5E41000763AF5 /* MainCalendarModel.swift */,
			);
			path = Models;
			sourceTree = "<group>";
		};
		EA7F835D2594749C008B8ED5 = {
			isa = PBXGroup;
			children = (
				EA7F83682594749C008B8ED5 /* HARU */,
				EA7F83672594749C008B8ED5 /* Products */,
				43A1F05D4F2035B392D1F5DC /* Pods */,
				FBACACBB553BC2094FE0DC7F /* Frameworks */,
			);
			sourceTree = "<group>";
		};
		EA7F83672594749C008B8ED5 /* Products */ = {
			isa = PBXGroup;
			children = (
				EA7F83662594749C008B8ED5 /* HARU.app */,
			);
			name = Products;
			sourceTree = "<group>";
		};
		EA7F83682594749C008B8ED5 /* HARU */ = {
			isa = PBXGroup;
			children = (
				EA50F77725F06B3D0003095D /* Models */,
				EAD77DF425D814D90020C182 /* Cells */,
				EA07FBF125B906BE003B2529 /* Classes */,
				EA3A414225B66C2E0074282C /* Storyboards */,
				1F3185BE25B45AE200C4743F /* Data */,
				EAE11ECC25985CBB00A35EBF /* ViewControllers */,
				EA7F83692594749C008B8ED5 /* AppDelegate.swift */,
				EA7F836B2594749C008B8ED5 /* SceneDelegate.swift */,
				EA7F83722594749D008B8ED5 /* Assets.xcassets */,
				EA7F83742594749D008B8ED5 /* LaunchScreen.storyboard */,
				EA7F83772594749D008B8ED5 /* Info.plist */,
				1FC02B83259E83D600AC8142 /* Diary.swift */,
				1F84D15325A5F1CB00969F09 /* Alert.swift */,
				1F84D15625A8AF0900969F09 /* HCalendar.swift */,
				EAA1A26125E2997F003B0D8A /* Extensions.swift */,
			);
			path = HARU;
			sourceTree = "<group>";
		};
		EAD77DF425D814D90020C182 /* Cells */ = {
			isa = PBXGroup;
			children = (
				EAD77DF525D814F30020C182 /* TitleSetTableViewCell.swift */,
				EACCB58C25DA4C8F00733906 /* SetDateTableViewCell.swift */,
				EAE46E3A25DEA3EF001EF03C /* SetCalendarTableViewCell.swift */,
				EADB148625CAD54300E1D067 /* ScheduleTableViewCell.swift */,
				EA024A0A25B7BB6200830C4A /* CalendarDropDownCell.swift */,
				EA024A0B25B7BB6200830C4A /* CalendarDropDownCell.xib */,
				EAA1A26425E2ABBF003B0D8A /* EventCollectionTableViewCell.swift */,
				EAA1A26525E2ABBF003B0D8A /* EventCollectionTableViewCell.xib */,
				EA7393FC25E796C700FEA2C7 /* EventDetailTableViewCell.swift */,
				EA7393FF25E7C94300FEA2C7 /* ButtonTableViewCell.swift */,
				EAF5DD7C25F5E27300763AF5 /* MainCalendarCell.swift */,
			);
			path = Cells;
			sourceTree = "<group>";
		};
		EAE11ECC25985CBB00A35EBF /* ViewControllers */ = {
			isa = PBXGroup;
			children = (
				EA66C23F25E282820043A992 /* EventCollectionTableViewController.swift */,
				EA7F836D2594749C008B8ED5 /* ViewController.swift */,
				1FE6078D2597514100A0882D /* SelectDateController.swift */,
				1FC02B80259E807700AC8142 /* AddDiaryController.swift */,
				EAE87E7925AD85BC00AF18A5 /* AddEventViewController.swift */,
				EA9C881025B94687003FD749 /* EventDateSelectViewController.swift */,
				1FF13FC825BB129D008624D8 /* DiaryViewController.swift */,
				1FF13FCB25BB12B6008624D8 /* ScheduleViewController.swift */,
				EAE9527B25D791EE00F4FA10 /* EventModifyViewController.swift */,
				EA7393F925E7967E00FEA2C7 /* EventDetailViewController.swift */,
				1FC15E1625ED0DE80021B16B /* DiaryCollectionTableViewController.swift */,
			);
			path = ViewControllers;
			sourceTree = "<group>";
		};
		FBACACBB553BC2094FE0DC7F /* Frameworks */ = {
			isa = PBXGroup;
			children = (
				5EFBBBD9CCBF5AF7E4B6810D /* Pods_HARU.framework */,
			);
			name = Frameworks;
			sourceTree = "<group>";
		};
/* End PBXGroup section */

/* Begin PBXNativeTarget section */
		EA7F83652594749C008B8ED5 /* HARU */ = {
			isa = PBXNativeTarget;
			buildConfigurationList = EA7F837A2594749D008B8ED5 /* Build configuration list for PBXNativeTarget "HARU" */;
			buildPhases = (
				2298598556C9FF7E0CEBBC53 /* [CP] Check Pods Manifest.lock */,
				EA7F83622594749C008B8ED5 /* Sources */,
				EA7F83632594749C008B8ED5 /* Frameworks */,
				EA7F83642594749C008B8ED5 /* Resources */,
				FCD4B666BF6E8255CDE86249 /* [CP] Embed Pods Frameworks */,
			);
			buildRules = (
			);
			dependencies = (
			);
			name = HARU;
			productName = HARU;
			productReference = EA7F83662594749C008B8ED5 /* HARU.app */;
			productType = "com.apple.product-type.application";
		};
/* End PBXNativeTarget section */

/* Begin PBXProject section */
		EA7F835E2594749C008B8ED5 /* Project object */ = {
			isa = PBXProject;
			attributes = {
				LastSwiftUpdateCheck = 1220;
				LastUpgradeCheck = 1220;
				TargetAttributes = {
					EA7F83652594749C008B8ED5 = {
						CreatedOnToolsVersion = 12.2;
					};
				};
			};
			buildConfigurationList = EA7F83612594749C008B8ED5 /* Build configuration list for PBXProject "HARU" */;
			compatibilityVersion = "Xcode 9.3";
			developmentRegion = en;
			hasScannedForEncodings = 0;
			knownRegions = (
				en,
				Base,
			);
			mainGroup = EA7F835D2594749C008B8ED5;
			productRefGroup = EA7F83672594749C008B8ED5 /* Products */;
			projectDirPath = "";
			projectRoot = "";
			targets = (
				EA7F83652594749C008B8ED5 /* HARU */,
			);
		};
/* End PBXProject section */

/* Begin PBXResourcesBuildPhase section */
		EA7F83642594749C008B8ED5 /* Resources */ = {
			isa = PBXResourcesBuildPhase;
			buildActionMask = 2147483647;
			files = (
				EAF7F1C425F4B79E0029E787 /* EventCollectionTableViewController.storyboard in Resources */,
				EA024A0D25B7BB6200830C4A /* CalendarDropDownCell.xib in Resources */,
				EA7F83762594749D008B8ED5 /* LaunchScreen.storyboard in Resources */,
				EA3A414925B66CA40074282C /* AddEvent.storyboard in Resources */,
				EA7F83732594749D008B8ED5 /* Assets.xcassets in Resources */,
				EAA1A26725E2ABBF003B0D8A /* EventCollectionTableViewCell.xib in Resources */,
				EA7F83712594749C008B8ED5 /* Main.storyboard in Resources */,
			);
			runOnlyForDeploymentPostprocessing = 0;
		};
/* End PBXResourcesBuildPhase section */

/* Begin PBXShellScriptBuildPhase section */
		2298598556C9FF7E0CEBBC53 /* [CP] Check Pods Manifest.lock */ = {
			isa = PBXShellScriptBuildPhase;
			buildActionMask = 2147483647;
			files = (
			);
			inputFileListPaths = (
			);
			inputPaths = (
				"${PODS_PODFILE_DIR_PATH}/Podfile.lock",
				"${PODS_ROOT}/Manifest.lock",
			);
			name = "[CP] Check Pods Manifest.lock";
			outputFileListPaths = (
			);
			outputPaths = (
				"$(DERIVED_FILE_DIR)/Pods-HARU-checkManifestLockResult.txt",
			);
			runOnlyForDeploymentPostprocessing = 0;
			shellPath = /bin/sh;
			shellScript = "diff \"${PODS_PODFILE_DIR_PATH}/Podfile.lock\" \"${PODS_ROOT}/Manifest.lock\" > /dev/null\nif [ $? != 0 ] ; then\n    # print error to STDERR\n    echo \"error: The sandbox is not in sync with the Podfile.lock. Run 'pod install' or update your CocoaPods installation.\" >&2\n    exit 1\nfi\n# This output is used by Xcode 'outputs' to avoid re-running this script phase.\necho \"SUCCESS\" > \"${SCRIPT_OUTPUT_FILE_0}\"\n";
			showEnvVarsInLog = 0;
		};
		FCD4B666BF6E8255CDE86249 /* [CP] Embed Pods Frameworks */ = {
			isa = PBXShellScriptBuildPhase;
			buildActionMask = 2147483647;
			files = (
			);
			inputFileListPaths = (
				"${PODS_ROOT}/Target Support Files/Pods-HARU/Pods-HARU-frameworks-${CONFIGURATION}-input-files.xcfilelist",
			);
			name = "[CP] Embed Pods Frameworks";
			outputFileListPaths = (
				"${PODS_ROOT}/Target Support Files/Pods-HARU/Pods-HARU-frameworks-${CONFIGURATION}-output-files.xcfilelist",
			);
			runOnlyForDeploymentPostprocessing = 0;
			shellPath = /bin/sh;
			shellScript = "\"${PODS_ROOT}/Target Support Files/Pods-HARU/Pods-HARU-frameworks.sh\"\n";
			showEnvVarsInLog = 0;
		};
/* End PBXShellScriptBuildPhase section */

/* Begin PBXSourcesBuildPhase section */
		EA7F83622594749C008B8ED5 /* Sources */ = {
			isa = PBXSourcesBuildPhase;
			buildActionMask = 2147483647;
			files = (
				EAF7F1BD25F4A6100029E787 /* EventCollectionTableViewModel.swift in Sources */,
				EA1219B52594C255007EDE8E /* CalendarLoader.swift in Sources */,
				EAA1A26625E2ABBF003B0D8A /* EventCollectionTableViewCell.swift in Sources */,
				EA50F77925F06B510003095D /* ScheduleTableViewModel.swift in Sources */,
				EAE9527C25D791EE00F4FA10 /* EventModifyViewController.swift in Sources */,
				EAE87E7A25AD85BC00AF18A5 /* AddEventViewController.swift in Sources */,
				EAFE1BA125CD183F0084B31C /* EventHandler.swift in Sources */,
				1FC02B81259E807700AC8142 /* AddDiaryController.swift in Sources */,
				EAF5DD8025F5E41000763AF5 /* MainCalendarModel.swift in Sources */,
				EAF5DD7D25F5E27300763AF5 /* MainCalendarCell.swift in Sources */,
				EA9C881125B94687003FD749 /* EventDateSelectViewController.swift in Sources */,
				EAE46E3B25DEA3EF001EF03C /* SetCalendarTableViewCell.swift in Sources */,
				EACCB58D25DA4C8F00733906 /* SetDateTableViewCell.swift in Sources */,
				EA7F836E2594749C008B8ED5 /* ViewController.swift in Sources */,
				1FE6078E2597514100A0882D /* SelectDateController.swift in Sources */,
				1FF13FCC25BB12B6008624D8 /* ScheduleViewController.swift in Sources */,
				1F84D15725A8AF0900969F09 /* HCalendar.swift in Sources */,
				1FC15E1725ED0DE80021B16B /* DiaryCollectionTableViewController.swift in Sources */,
				EADB148725CAD54300E1D067 /* ScheduleTableViewCell.swift in Sources */,
				1F3185C025B45AFE00C4743F /* CoreDataManager.swift in Sources */,
				1F3185BB25B4579100C4743F /* Data.xcdatamodeld in Sources */,
				EA7393FA25E7967E00FEA2C7 /* EventDetailViewController.swift in Sources */,
				1FC02B84259E83D600AC8142 /* Diary.swift in Sources */,
				1FF13FC925BB129D008624D8 /* DiaryViewController.swift in Sources */,
				EA73940025E7C94300FEA2C7 /* ButtonTableViewCell.swift in Sources */,
				EA66C24025E282820043A992 /* EventCollectionTableViewController.swift in Sources */,
				EA7F836A2594749C008B8ED5 /* AppDelegate.swift in Sources */,
				EA7F836C2594749C008B8ED5 /* SceneDelegate.swift in Sources */,
				EAA1A26225E2997F003B0D8A /* Extensions.swift in Sources */,
				EA7393FD25E796C700FEA2C7 /* EventDetailTableViewCell.swift in Sources */,
				EA024A0C25B7BB6200830C4A /* CalendarDropDownCell.swift in Sources */,
				1F84D15425A5F1CB00969F09 /* Alert.swift in Sources */,
				EA9816C125F3BB8C00E9D4EB /* EventDetailTableViewModel.swift in Sources */,
				EAD77DF625D814F30020C182 /* TitleSetTableViewCell.swift in Sources */,
			);
			runOnlyForDeploymentPostprocessing = 0;
		};
/* End PBXSourcesBuildPhase section */

/* Begin PBXVariantGroup section */
		EA7F836F2594749C008B8ED5 /* Main.storyboard */ = {
			isa = PBXVariantGroup;
			children = (
				EA7F83702594749C008B8ED5 /* Base */,
			);
			name = Main.storyboard;
			sourceTree = "<group>";
		};
		EA7F83742594749D008B8ED5 /* LaunchScreen.storyboard */ = {
			isa = PBXVariantGroup;
			children = (
				EA7F83752594749D008B8ED5 /* Base */,
			);
			name = LaunchScreen.storyboard;
			sourceTree = "<group>";
		};
/* End PBXVariantGroup section */

/* Begin XCBuildConfiguration section */
		EA7F83782594749D008B8ED5 /* Debug */ = {
			isa = XCBuildConfiguration;
			buildSettings = {
				ALWAYS_SEARCH_USER_PATHS = NO;
				CLANG_ANALYZER_NONNULL = YES;
				CLANG_ANALYZER_NUMBER_OBJECT_CONVERSION = YES_AGGRESSIVE;
				CLANG_CXX_LANGUAGE_STANDARD = "gnu++14";
				CLANG_CXX_LIBRARY = "libc++";
				CLANG_ENABLE_MODULES = YES;
				CLANG_ENABLE_OBJC_ARC = YES;
				CLANG_ENABLE_OBJC_WEAK = YES;
				CLANG_WARN_BLOCK_CAPTURE_AUTORELEASING = YES;
				CLANG_WARN_BOOL_CONVERSION = YES;
				CLANG_WARN_COMMA = YES;
				CLANG_WARN_CONSTANT_CONVERSION = YES;
				CLANG_WARN_DEPRECATED_OBJC_IMPLEMENTATIONS = YES;
				CLANG_WARN_DIRECT_OBJC_ISA_USAGE = YES_ERROR;
				CLANG_WARN_DOCUMENTATION_COMMENTS = YES;
				CLANG_WARN_EMPTY_BODY = YES;
				CLANG_WARN_ENUM_CONVERSION = YES;
				CLANG_WARN_INFINITE_RECURSION = YES;
				CLANG_WARN_INT_CONVERSION = YES;
				CLANG_WARN_NON_LITERAL_NULL_CONVERSION = YES;
				CLANG_WARN_OBJC_IMPLICIT_RETAIN_SELF = YES;
				CLANG_WARN_OBJC_LITERAL_CONVERSION = YES;
				CLANG_WARN_OBJC_ROOT_CLASS = YES_ERROR;
				CLANG_WARN_QUOTED_INCLUDE_IN_FRAMEWORK_HEADER = YES;
				CLANG_WARN_RANGE_LOOP_ANALYSIS = YES;
				CLANG_WARN_STRICT_PROTOTYPES = YES;
				CLANG_WARN_SUSPICIOUS_MOVE = YES;
				CLANG_WARN_UNGUARDED_AVAILABILITY = YES_AGGRESSIVE;
				CLANG_WARN_UNREACHABLE_CODE = YES;
				CLANG_WARN__DUPLICATE_METHOD_MATCH = YES;
				COPY_PHASE_STRIP = NO;
				DEBUG_INFORMATION_FORMAT = dwarf;
				ENABLE_STRICT_OBJC_MSGSEND = YES;
				ENABLE_TESTABILITY = YES;
				GCC_C_LANGUAGE_STANDARD = gnu11;
				GCC_DYNAMIC_NO_PIC = NO;
				GCC_NO_COMMON_BLOCKS = YES;
				GCC_OPTIMIZATION_LEVEL = 0;
				GCC_PREPROCESSOR_DEFINITIONS = (
					"DEBUG=1",
					"$(inherited)",
				);
				GCC_WARN_64_TO_32_BIT_CONVERSION = YES;
				GCC_WARN_ABOUT_RETURN_TYPE = YES_ERROR;
				GCC_WARN_UNDECLARED_SELECTOR = YES;
				GCC_WARN_UNINITIALIZED_AUTOS = YES_AGGRESSIVE;
				GCC_WARN_UNUSED_FUNCTION = YES;
				GCC_WARN_UNUSED_VARIABLE = YES;
				IPHONEOS_DEPLOYMENT_TARGET = 14.2;
				MTL_ENABLE_DEBUG_INFO = INCLUDE_SOURCE;
				MTL_FAST_MATH = YES;
				ONLY_ACTIVE_ARCH = YES;
				SDKROOT = iphoneos;
				SWIFT_ACTIVE_COMPILATION_CONDITIONS = DEBUG;
				SWIFT_OPTIMIZATION_LEVEL = "-Onone";
			};
			name = Debug;
		};
		EA7F83792594749D008B8ED5 /* Release */ = {
			isa = XCBuildConfiguration;
			buildSettings = {
				ALWAYS_SEARCH_USER_PATHS = NO;
				CLANG_ANALYZER_NONNULL = YES;
				CLANG_ANALYZER_NUMBER_OBJECT_CONVERSION = YES_AGGRESSIVE;
				CLANG_CXX_LANGUAGE_STANDARD = "gnu++14";
				CLANG_CXX_LIBRARY = "libc++";
				CLANG_ENABLE_MODULES = YES;
				CLANG_ENABLE_OBJC_ARC = YES;
				CLANG_ENABLE_OBJC_WEAK = YES;
				CLANG_WARN_BLOCK_CAPTURE_AUTORELEASING = YES;
				CLANG_WARN_BOOL_CONVERSION = YES;
				CLANG_WARN_COMMA = YES;
				CLANG_WARN_CONSTANT_CONVERSION = YES;
				CLANG_WARN_DEPRECATED_OBJC_IMPLEMENTATIONS = YES;
				CLANG_WARN_DIRECT_OBJC_ISA_USAGE = YES_ERROR;
				CLANG_WARN_DOCUMENTATION_COMMENTS = YES;
				CLANG_WARN_EMPTY_BODY = YES;
				CLANG_WARN_ENUM_CONVERSION = YES;
				CLANG_WARN_INFINITE_RECURSION = YES;
				CLANG_WARN_INT_CONVERSION = YES;
				CLANG_WARN_NON_LITERAL_NULL_CONVERSION = YES;
				CLANG_WARN_OBJC_IMPLICIT_RETAIN_SELF = YES;
				CLANG_WARN_OBJC_LITERAL_CONVERSION = YES;
				CLANG_WARN_OBJC_ROOT_CLASS = YES_ERROR;
				CLANG_WARN_QUOTED_INCLUDE_IN_FRAMEWORK_HEADER = YES;
				CLANG_WARN_RANGE_LOOP_ANALYSIS = YES;
				CLANG_WARN_STRICT_PROTOTYPES = YES;
				CLANG_WARN_SUSPICIOUS_MOVE = YES;
				CLANG_WARN_UNGUARDED_AVAILABILITY = YES_AGGRESSIVE;
				CLANG_WARN_UNREACHABLE_CODE = YES;
				CLANG_WARN__DUPLICATE_METHOD_MATCH = YES;
				COPY_PHASE_STRIP = NO;
				DEBUG_INFORMATION_FORMAT = "dwarf-with-dsym";
				ENABLE_NS_ASSERTIONS = NO;
				ENABLE_STRICT_OBJC_MSGSEND = YES;
				GCC_C_LANGUAGE_STANDARD = gnu11;
				GCC_NO_COMMON_BLOCKS = YES;
				GCC_WARN_64_TO_32_BIT_CONVERSION = YES;
				GCC_WARN_ABOUT_RETURN_TYPE = YES_ERROR;
				GCC_WARN_UNDECLARED_SELECTOR = YES;
				GCC_WARN_UNINITIALIZED_AUTOS = YES_AGGRESSIVE;
				GCC_WARN_UNUSED_FUNCTION = YES;
				GCC_WARN_UNUSED_VARIABLE = YES;
				IPHONEOS_DEPLOYMENT_TARGET = 14.2;
				MTL_ENABLE_DEBUG_INFO = NO;
				MTL_FAST_MATH = YES;
				SDKROOT = iphoneos;
				SWIFT_COMPILATION_MODE = wholemodule;
				SWIFT_OPTIMIZATION_LEVEL = "-O";
				VALIDATE_PRODUCT = YES;
			};
			name = Release;
		};
		EA7F837B2594749D008B8ED5 /* Debug */ = {
			isa = XCBuildConfiguration;
			baseConfigurationReference = 39EBF39A9C1E3087EF09460E /* Pods-HARU.debug.xcconfig */;
			buildSettings = {
				ASSETCATALOG_COMPILER_APPICON_NAME = AppIcon;
				ASSETCATALOG_COMPILER_GLOBAL_ACCENT_COLOR_NAME = AccentColor;
				CODE_SIGN_STYLE = Automatic;
				DEVELOPMENT_TEAM = 8RLH6CULJ3;
				INFOPLIST_FILE = HARU/Info.plist;
				LD_RUNPATH_SEARCH_PATHS = (
					"$(inherited)",
					"@executable_path/Frameworks",
				);
				PRODUCT_BUNDLE_IDENTIFIER = com.HARUD;
				PRODUCT_NAME = "$(TARGET_NAME)";
				SWIFT_VERSION = 5.0;
				TARGETED_DEVICE_FAMILY = "1,2";
			};
			name = Debug;
		};
		EA7F837C2594749D008B8ED5 /* Release */ = {
			isa = XCBuildConfiguration;
			baseConfigurationReference = 54D27E88A803569AC424E619 /* Pods-HARU.release.xcconfig */;
			buildSettings = {
				ASSETCATALOG_COMPILER_APPICON_NAME = AppIcon;
				ASSETCATALOG_COMPILER_GLOBAL_ACCENT_COLOR_NAME = AccentColor;
				CODE_SIGN_STYLE = Automatic;
				DEVELOPMENT_TEAM = 8RLH6CULJ3;
				INFOPLIST_FILE = HARU/Info.plist;
				LD_RUNPATH_SEARCH_PATHS = (
					"$(inherited)",
					"@executable_path/Frameworks",
				);
				PRODUCT_BUNDLE_IDENTIFIER = com.HARUD;
				PRODUCT_NAME = "$(TARGET_NAME)";
				SWIFT_VERSION = 5.0;
				TARGETED_DEVICE_FAMILY = "1,2";
			};
			name = Release;
		};
/* End XCBuildConfiguration section */

/* Begin XCConfigurationList section */
		EA7F83612594749C008B8ED5 /* Build configuration list for PBXProject "HARU" */ = {
			isa = XCConfigurationList;
			buildConfigurations = (
				EA7F83782594749D008B8ED5 /* Debug */,
				EA7F83792594749D008B8ED5 /* Release */,
			);
			defaultConfigurationIsVisible = 0;
			defaultConfigurationName = Release;
		};
		EA7F837A2594749D008B8ED5 /* Build configuration list for PBXNativeTarget "HARU" */ = {
			isa = XCConfigurationList;
			buildConfigurations = (
				EA7F837B2594749D008B8ED5 /* Debug */,
				EA7F837C2594749D008B8ED5 /* Release */,
			);
			defaultConfigurationIsVisible = 0;
			defaultConfigurationName = Release;
		};
/* End XCConfigurationList section */

/* Begin XCVersionGroup section */
		1F3185B925B4579100C4743F /* Data.xcdatamodeld */ = {
			isa = XCVersionGroup;
			children = (
				1F3185BA25B4579100C4743F /* Data.xcdatamodel */,
			);
			currentVersion = 1F3185BA25B4579100C4743F /* Data.xcdatamodel */;
			path = Data.xcdatamodeld;
			sourceTree = "<group>";
			versionGroupType = wrapper.xcdatamodel;
		};
/* End XCVersionGroup section */
	};
	rootObject = EA7F835E2594749C008B8ED5 /* Project object */;
}
