// !$*UTF8*$!
{
	archiveVersion = 1;
	classes = {
	};
	objectVersion = 51;
	objects = {

/* Begin PBXBuildFile section */
		1F84D15425A5F1CB00969F09 /* Alert.swift in Sources */ = {isa = PBXBuildFile; fileRef = 1F84D15325A5F1CB00969F09 /* Alert.swift */; };
		1F84D15725A8AF0900969F09 /* HCalendar.swift in Sources */ = {isa = PBXBuildFile; fileRef = 1F84D15625A8AF0900969F09 /* HCalendar.swift */; };
		1FC02B81259E807700AC8142 /* AddDiaryController.swift in Sources */ = {isa = PBXBuildFile; fileRef = 1FC02B80259E807700AC8142 /* AddDiaryController.swift */; };
		1FC02B84259E83D600AC8142 /* Diary.swift in Sources */ = {isa = PBXBuildFile; fileRef = 1FC02B83259E83D600AC8142 /* Diary.swift */; };
		1FE6078E2597514100A0882D /* SelectDateController.swift in Sources */ = {isa = PBXBuildFile; fileRef = 1FE6078D2597514100A0882D /* SelectDateController.swift */; };
		DAC709FEAA6782D0D541943E /* Pods_HARU.framework in Frameworks */ = {isa = PBXBuildFile; fileRef = 5EFBBBD9CCBF5AF7E4B6810D /* Pods_HARU.framework */; };
		EA1219B52594C255007EDE8E /* CalendarLoader.swift in Sources */ = {isa = PBXBuildFile; fileRef = EA1219B42594C255007EDE8E /* CalendarLoader.swift */; };
		EA7F836A2594749C008B8ED5 /* AppDelegate.swift in Sources */ = {isa = PBXBuildFile; fileRef = EA7F83692594749C008B8ED5 /* AppDelegate.swift */; };
		EA7F836C2594749C008B8ED5 /* SceneDelegate.swift in Sources */ = {isa = PBXBuildFile; fileRef = EA7F836B2594749C008B8ED5 /* SceneDelegate.swift */; };
		EA7F836E2594749C008B8ED5 /* ViewController.swift in Sources */ = {isa = PBXBuildFile; fileRef = EA7F836D2594749C008B8ED5 /* ViewController.swift */; };
		EA7F83712594749C008B8ED5 /* Main.storyboard in Resources */ = {isa = PBXBuildFile; fileRef = EA7F836F2594749C008B8ED5 /* Main.storyboard */; };
		EA7F83732594749D008B8ED5 /* Assets.xcassets in Resources */ = {isa = PBXBuildFile; fileRef = EA7F83722594749D008B8ED5 /* Assets.xcassets */; };
		EA7F83762594749D008B8ED5 /* LaunchScreen.storyboard in Resources */ = {isa = PBXBuildFile; fileRef = EA7F83742594749D008B8ED5 /* LaunchScreen.storyboard */; };
		EAE87E7A25AD85BC00AF18A5 /* AddEventViewController.swift in Sources */ = {isa = PBXBuildFile; fileRef = EAE87E7925AD85BC00AF18A5 /* AddEventViewController.swift */; };
/* End PBXBuildFile section */

/* Begin PBXFileReference section */
		1F84D15325A5F1CB00969F09 /* Alert.swift */ = {isa = PBXFileReference; lastKnownFileType = sourcecode.swift; path = Alert.swift; sourceTree = "<group>"; };
		1F84D15625A8AF0900969F09 /* HCalendar.swift */ = {isa = PBXFileReference; lastKnownFileType = sourcecode.swift; path = HCalendar.swift; sourceTree = "<group>"; };
		1FC02B80259E807700AC8142 /* AddDiaryController.swift */ = {isa = PBXFileReference; lastKnownFileType = sourcecode.swift; path = AddDiaryController.swift; sourceTree = "<group>"; };
		1FC02B83259E83D600AC8142 /* Diary.swift */ = {isa = PBXFileReference; lastKnownFileType = sourcecode.swift; path = Diary.swift; sourceTree = "<group>"; };
		1FE6078D2597514100A0882D /* SelectDateController.swift */ = {isa = PBXFileReference; lastKnownFileType = sourcecode.swift; path = SelectDateController.swift; sourceTree = "<group>"; };
		39EBF39A9C1E3087EF09460E /* Pods-HARU.debug.xcconfig */ = {isa = PBXFileReference; includeInIndex = 1; lastKnownFileType = text.xcconfig; name = "Pods-HARU.debug.xcconfig"; path = "Target Support Files/Pods-HARU/Pods-HARU.debug.xcconfig"; sourceTree = "<group>"; };
		54D27E88A803569AC424E619 /* Pods-HARU.release.xcconfig */ = {isa = PBXFileReference; includeInIndex = 1; lastKnownFileType = text.xcconfig; name = "Pods-HARU.release.xcconfig"; path = "Target Support Files/Pods-HARU/Pods-HARU.release.xcconfig"; sourceTree = "<group>"; };
		5EFBBBD9CCBF5AF7E4B6810D /* Pods_HARU.framework */ = {isa = PBXFileReference; explicitFileType = wrapper.framework; includeInIndex = 0; path = Pods_HARU.framework; sourceTree = BUILT_PRODUCTS_DIR; };
		EA1219B42594C255007EDE8E /* CalendarLoader.swift */ = {isa = PBXFileReference; lastKnownFileType = sourcecode.swift; path = CalendarLoader.swift; sourceTree = SOURCE_ROOT; };
		EA7F83662594749C008B8ED5 /* HARU.app */ = {isa = PBXFileReference; explicitFileType = wrapper.application; includeInIndex = 0; path = HARU.app; sourceTree = BUILT_PRODUCTS_DIR; };
		EA7F83692594749C008B8ED5 /* AppDelegate.swift */ = {isa = PBXFileReference; lastKnownFileType = sourcecode.swift; path = AppDelegate.swift; sourceTree = "<group>"; };
		EA7F836B2594749C008B8ED5 /* SceneDelegate.swift */ = {isa = PBXFileReference; lastKnownFileType = sourcecode.swift; path = SceneDelegate.swift; sourceTree = "<group>"; };
		EA7F836D2594749C008B8ED5 /* ViewController.swift */ = {isa = PBXFileReference; lastKnownFileType = sourcecode.swift; path = ViewController.swift; sourceTree = "<group>"; };
		EA7F83702594749C008B8ED5 /* Base */ = {isa = PBXFileReference; lastKnownFileType = file.storyboard; name = Base; path = Base.lproj/Main.storyboard; sourceTree = "<group>"; };
		EA7F83722594749D008B8ED5 /* Assets.xcassets */ = {isa = PBXFileReference; lastKnownFileType = folder.assetcatalog; path = Assets.xcassets; sourceTree = "<group>"; };
		EA7F83752594749D008B8ED5 /* Base */ = {isa = PBXFileReference; lastKnownFileType = file.storyboard; name = Base; path = Base.lproj/LaunchScreen.storyboard; sourceTree = "<group>"; };
		EA7F83772594749D008B8ED5 /* Info.plist */ = {isa = PBXFileReference; lastKnownFileType = text.plist.xml; path = Info.plist; sourceTree = "<group>"; };
		EAE87E7925AD85BC00AF18A5 /* AddEventViewController.swift */ = {isa = PBXFileReference; lastKnownFileType = sourcecode.swift; path = AddEventViewController.swift; sourceTree = "<group>"; };
/* End PBXFileReference section */

/* Begin PBXFrameworksBuildPhase section */
		EA7F83632594749C008B8ED5 /* Frameworks */ = {
			isa = PBXFrameworksBuildPhase;
			buildActionMask = 2147483647;
			files = (
				DAC709FEAA6782D0D541943E /* Pods_HARU.framework in Frameworks */,
			);
			runOnlyForDeploymentPostprocessing = 0;
		};
/* End PBXFrameworksBuildPhase section */

/* Begin PBXGroup section */
		43A1F05D4F2035B392D1F5DC /* Pods */ = {
			isa = PBXGroup;
			children = (
				39EBF39A9C1E3087EF09460E /* Pods-HARU.debug.xcconfig */,
				54D27E88A803569AC424E619 /* Pods-HARU.release.xcconfig */,
			);
			path = Pods;
			sourceTree = "<group>";
		};
		EA7F835D2594749C008B8ED5 = {
			isa = PBXGroup;
			children = (
				EA7F83682594749C008B8ED5 /* HARU */,
				EA7F83672594749C008B8ED5 /* Products */,
				43A1F05D4F2035B392D1F5DC /* Pods */,
				FBACACBB553BC2094FE0DC7F /* Frameworks */,
			);
			sourceTree = "<group>";
		};
		EA7F83672594749C008B8ED5 /* Products */ = {
			isa = PBXGroup;
			children = (
				EA7F83662594749C008B8ED5 /* HARU.app */,
			);
			name = Products;
			sourceTree = "<group>";
		};
		EA7F83682594749C008B8ED5 /* HARU */ = {
			isa = PBXGroup;
			children = (
				EAE11ECC25985CBB00A35EBF /* ViewControllers */,
				EA7F83692594749C008B8ED5 /* AppDelegate.swift */,
				EA1219B42594C255007EDE8E /* CalendarLoader.swift */,
				EA7F836B2594749C008B8ED5 /* SceneDelegate.swift */,
				EA7F836F2594749C008B8ED5 /* Main.storyboard */,
				EA7F83722594749D008B8ED5 /* Assets.xcassets */,
				EA7F83742594749D008B8ED5 /* LaunchScreen.storyboard */,
				EA7F83772594749D008B8ED5 /* Info.plist */,
				1FC02B83259E83D600AC8142 /* Diary.swift */,
				1F84D15325A5F1CB00969F09 /* Alert.swift */,
				1F84D15625A8AF0900969F09 /* HCalendar.swift */,
			);
			path = HARU;
			sourceTree = "<group>";
		};
		EAE11ECC25985CBB00A35EBF /* ViewControllers */ = {
			isa = PBXGroup;
			children = (
				EA7F836D2594749C008B8ED5 /* ViewController.swift */,
				1FE6078D2597514100A0882D /* SelectDateController.swift */,
				1FC02B80259E807700AC8142 /* AddDiaryController.swift */,
				EAE87E7925AD85BC00AF18A5 /* AddEventViewController.swift */,
			);
			path = ViewControllers;
			sourceTree = "<group>";
		};
		FBACACBB553BC2094FE0DC7F /* Frameworks */ = {
			isa = PBXGroup;
			children = (
				5EFBBBD9CCBF5AF7E4B6810D /* Pods_HARU.framework */,
			);
			name = Frameworks;
			sourceTree = "<group>";
		};
/* End PBXGroup section */

/* Begin PBXNativeTarget section */
		EA7F83652594749C008B8ED5 /* HARU */ = {
			isa = PBXNativeTarget;
			buildConfigurationList = EA7F837A2594749D008B8ED5 /* Build configuration list for PBXNativeTarget "HARU" */;
			buildPhases = (
				2298598556C9FF7E0CEBBC53 /* [CP] Check Pods Manifest.lock */,
				EA7F83622594749C008B8ED5 /* Sources */,
				EA7F83632594749C008B8ED5 /* Frameworks */,
				EA7F83642594749C008B8ED5 /* Resources */,
				FCD4B666BF6E8255CDE86249 /* [CP] Embed Pods Frameworks */,
			);
			buildRules = (
			);
			dependencies = (
			);
			name = HARU;
			productName = HARU;
			productReference = EA7F83662594749C008B8ED5 /* HARU.app */;
			productType = "com.apple.product-type.application";
		};
/* End PBXNativeTarget section */

/* Begin PBXProject section */
		EA7F835E2594749C008B8ED5 /* Project object */ = {
			isa = PBXProject;
			attributes = {
				LastSwiftUpdateCheck = 1220;
				LastUpgradeCheck = 1220;
				TargetAttributes = {
					EA7F83652594749C008B8ED5 = {
						CreatedOnToolsVersion = 12.2;
					};
				};
			};
			buildConfigurationList = EA7F83612594749C008B8ED5 /* Build configuration list for PBXProject "HARU" */;
			compatibilityVersion = "Xcode 9.3";
			developmentRegion = en;
			hasScannedForEncodings = 0;
			knownRegions = (
				en,
				Base,
			);
			mainGroup = EA7F835D2594749C008B8ED5;
			productRefGroup = EA7F83672594749C008B8ED5 /* Products */;
			projectDirPath = "";
			projectRoot = "";
			targets = (
				EA7F83652594749C008B8ED5 /* HARU */,
			);
		};
/* End PBXProject section */

/* Begin PBXResourcesBuildPhase section */
		EA7F83642594749C008B8ED5 /* Resources */ = {
			isa = PBXResourcesBuildPhase;
			buildActionMask = 2147483647;
			files = (
				EA7F83762594749D008B8ED5 /* LaunchScreen.storyboard in Resources */,
				EA7F83732594749D008B8ED5 /* Assets.xcassets in Resources */,
				EA7F83712594749C008B8ED5 /* Main.storyboard in Resources */,
			);
			runOnlyForDeploymentPostprocessing = 0;
		};
/* End PBXResourcesBuildPhase section */

/* Begin PBXShellScriptBuildPhase section */
		2298598556C9FF7E0CEBBC53 /* [CP] Check Pods Manifest.lock */ = {
			isa = PBXShellScriptBuildPhase;
			buildActionMask = 2147483647;
			files = (
			);
			inputFileListPaths = (
			);
			inputPaths = (
				"${PODS_PODFILE_DIR_PATH}/Podfile.lock",
				"${PODS_ROOT}/Manifest.lock",
			);
			name = "[CP] Check Pods Manifest.lock";
			outputFileListPaths = (
			);
			outputPaths = (
				"$(DERIVED_FILE_DIR)/Pods-HARU-checkManifestLockResult.txt",
			);
			runOnlyForDeploymentPostprocessing = 0;
			shellPath = /bin/sh;
			shellScript = "diff \"${PODS_PODFILE_DIR_PATH}/Podfile.lock\" \"${PODS_ROOT}/Manifest.lock\" > /dev/null\nif [ $? != 0 ] ; then\n    # print error to STDERR\n    echo \"error: The sandbox is not in sync with the Podfile.lock. Run 'pod install' or update your CocoaPods installation.\" >&2\n    exit 1\nfi\n# This output is used by Xcode 'outputs' to avoid re-running this script phase.\necho \"SUCCESS\" > \"${SCRIPT_OUTPUT_FILE_0}\"\n";
			showEnvVarsInLog = 0;
		};
		FCD4B666BF6E8255CDE86249 /* [CP] Embed Pods Frameworks */ = {
			isa = PBXShellScriptBuildPhase;
			buildActionMask = 2147483647;
			files = (
			);
			inputFileListPaths = (
				"${PODS_ROOT}/Target Support Files/Pods-HARU/Pods-HARU-frameworks-${CONFIGURATION}-input-files.xcfilelist",
			);
			name = "[CP] Embed Pods Frameworks";
			outputFileListPaths = (
				"${PODS_ROOT}/Target Support Files/Pods-HARU/Pods-HARU-frameworks-${CONFIGURATION}-output-files.xcfilelist",
			);
			runOnlyForDeploymentPostprocessing = 0;
			shellPath = /bin/sh;
			shellScript = "\"${PODS_ROOT}/Target Support Files/Pods-HARU/Pods-HARU-frameworks.sh\"\n";
			showEnvVarsInLog = 0;
		};
/* End PBXShellScriptBuildPhase section */

/* Begin PBXSourcesBuildPhase section */
		EA7F83622594749C008B8ED5 /* Sources */ = {
			isa = PBXSourcesBuildPhase;
			buildActionMask = 2147483647;
			files = (
				EA1219B52594C255007EDE8E /* CalendarLoader.swift in Sources */,
				EAE87E7A25AD85BC00AF18A5 /* AddEventViewController.swift in Sources */,
				1FC02B81259E807700AC8142 /* AddDiaryController.swift in Sources */,
				EA7F836E2594749C008B8ED5 /* ViewController.swift in Sources */,
				1FE6078E2597514100A0882D /* SelectDateController.swift in Sources */,
				1F84D15725A8AF0900969F09 /* HCalendar.swift in Sources */,
				1FC02B84259E83D600AC8142 /* Diary.swift in Sources */,
				EA7F836A2594749C008B8ED5 /* AppDelegate.swift in Sources */,
				EA7F836C2594749C008B8ED5 /* SceneDelegate.swift in Sources */,
				1F84D15425A5F1CB00969F09 /* Alert.swift in Sources */,
			);
			runOnlyForDeploymentPostprocessing = 0;
		};
/* End PBXSourcesBuildPhase section */

/* Begin PBXVariantGroup section */
		EA7F836F2594749C008B8ED5 /* Main.storyboard */ = {
			isa = PBXVariantGroup;
			children = (
				EA7F83702594749C008B8ED5 /* Base */,
			);
			name = Main.storyboard;
			sourceTree = "<group>";
		};
		EA7F83742594749D008B8ED5 /* LaunchScreen.storyboard */ = {
			isa = PBXVariantGroup;
			children = (
				EA7F83752594749D008B8ED5 /* Base */,
			);
			name = LaunchScreen.storyboard;
			sourceTree = "<group>";
		};
/* End PBXVariantGroup section */

/* Begin XCBuildConfiguration section */
		EA7F83782594749D008B8ED5 /* Debug */ = {
			isa = XCBuildConfiguration;
			buildSettings = {
				ALWAYS_SEARCH_USER_PATHS = NO;
				CLANG_ANALYZER_NONNULL = YES;
				CLANG_ANALYZER_NUMBER_OBJECT_CONVERSION = YES_AGGRESSIVE;
				CLANG_CXX_LANGUAGE_STANDARD = "gnu++14";
				CLANG_CXX_LIBRARY = "libc++";
				CLANG_ENABLE_MODULES = YES;
				CLANG_ENABLE_OBJC_ARC = YES;
				CLANG_ENABLE_OBJC_WEAK = YES;
				CLANG_WARN_BLOCK_CAPTURE_AUTORELEASING = YES;
				CLANG_WARN_BOOL_CONVERSION = YES;
				CLANG_WARN_COMMA = YES;
				CLANG_WARN_CONSTANT_CONVERSION = YES;
				CLANG_WARN_DEPRECATED_OBJC_IMPLEMENTATIONS = YES;
				CLANG_WARN_DIRECT_OBJC_ISA_USAGE = YES_ERROR;
				CLANG_WARN_DOCUMENTATION_COMMENTS = YES;
				CLANG_WARN_EMPTY_BODY = YES;
				CLANG_WARN_ENUM_CONVERSION = YES;
				CLANG_WARN_INFINITE_RECURSION = YES;
				CLANG_WARN_INT_CONVERSION = YES;
				CLANG_WARN_NON_LITERAL_NULL_CONVERSION = YES;
				CLANG_WARN_OBJC_IMPLICIT_RETAIN_SELF = YES;
				CLANG_WARN_OBJC_LITERAL_CONVERSION = YES;
				CLANG_WARN_OBJC_ROOT_CLASS = YES_ERROR;
				CLANG_WARN_QUOTED_INCLUDE_IN_FRAMEWORK_HEADER = YES;
				CLANG_WARN_RANGE_LOOP_ANALYSIS = YES;
				CLANG_WARN_STRICT_PROTOTYPES = YES;
				CLANG_WARN_SUSPICIOUS_MOVE = YES;
				CLANG_WARN_UNGUARDED_AVAILABILITY = YES_AGGRESSIVE;
				CLANG_WARN_UNREACHABLE_CODE = YES;
				CLANG_WARN__DUPLICATE_METHOD_MATCH = YES;
				COPY_PHASE_STRIP = NO;
				DEBUG_INFORMATION_FORMAT = dwarf;
				ENABLE_STRICT_OBJC_MSGSEND = YES;
				ENABLE_TESTABILITY = YES;
				GCC_C_LANGUAGE_STANDARD = gnu11;
				GCC_DYNAMIC_NO_PIC = NO;
				GCC_NO_COMMON_BLOCKS = YES;
				GCC_OPTIMIZATION_LEVEL = 0;
				GCC_PREPROCESSOR_DEFINITIONS = (
					"DEBUG=1",
					"$(inherited)",
				);
				GCC_WARN_64_TO_32_BIT_CONVERSION = YES;
				GCC_WARN_ABOUT_RETURN_TYPE = YES_ERROR;
				GCC_WARN_UNDECLARED_SELECTOR = YES;
				GCC_WARN_UNINITIALIZED_AUTOS = YES_AGGRESSIVE;
				GCC_WARN_UNUSED_FUNCTION = YES;
				GCC_WARN_UNUSED_VARIABLE = YES;
				IPHONEOS_DEPLOYMENT_TARGET = 14.2;
				MTL_ENABLE_DEBUG_INFO = INCLUDE_SOURCE;
				MTL_FAST_MATH = YES;
				ONLY_ACTIVE_ARCH = YES;
				SDKROOT = iphoneos;
				SWIFT_ACTIVE_COMPILATION_CONDITIONS = DEBUG;
				SWIFT_OPTIMIZATION_LEVEL = "-Onone";
			};
			name = Debug;
		};
		EA7F83792594749D008B8ED5 /* Release */ = {
			isa = XCBuildConfiguration;
			buildSettings = {
				ALWAYS_SEARCH_USER_PATHS = NO;
				CLANG_ANALYZER_NONNULL = YES;
				CLANG_ANALYZER_NUMBER_OBJECT_CONVERSION = YES_AGGRESSIVE;
				CLANG_CXX_LANGUAGE_STANDARD = "gnu++14";
				CLANG_CXX_LIBRARY = "libc++";
				CLANG_ENABLE_MODULES = YES;
				CLANG_ENABLE_OBJC_ARC = YES;
				CLANG_ENABLE_OBJC_WEAK = YES;
				CLANG_WARN_BLOCK_CAPTURE_AUTORELEASING = YES;
				CLANG_WARN_BOOL_CONVERSION = YES;
				CLANG_WARN_COMMA = YES;
				CLANG_WARN_CONSTANT_CONVERSION = YES;
				CLANG_WARN_DEPRECATED_OBJC_IMPLEMENTATIONS = YES;
				CLANG_WARN_DIRECT_OBJC_ISA_USAGE = YES_ERROR;
				CLANG_WARN_DOCUMENTATION_COMMENTS = YES;
				CLANG_WARN_EMPTY_BODY = YES;
				CLANG_WARN_ENUM_CONVERSION = YES;
				CLANG_WARN_INFINITE_RECURSION = YES;
				CLANG_WARN_INT_CONVERSION = YES;
				CLANG_WARN_NON_LITERAL_NULL_CONVERSION = YES;
				CLANG_WARN_OBJC_IMPLICIT_RETAIN_SELF = YES;
				CLANG_WARN_OBJC_LITERAL_CONVERSION = YES;
				CLANG_WARN_OBJC_ROOT_CLASS = YES_ERROR;
				CLANG_WARN_QUOTED_INCLUDE_IN_FRAMEWORK_HEADER = YES;
				CLANG_WARN_RANGE_LOOP_ANALYSIS = YES;
				CLANG_WARN_STRICT_PROTOTYPES = YES;
				CLANG_WARN_SUSPICIOUS_MOVE = YES;
				CLANG_WARN_UNGUARDED_AVAILABILITY = YES_AGGRESSIVE;
				CLANG_WARN_UNREACHABLE_CODE = YES;
				CLANG_WARN__DUPLICATE_METHOD_MATCH = YES;
				COPY_PHASE_STRIP = NO;
				DEBUG_INFORMATION_FORMAT = "dwarf-with-dsym";
				ENABLE_NS_ASSERTIONS = NO;
				ENABLE_STRICT_OBJC_MSGSEND = YES;
				GCC_C_LANGUAGE_STANDARD = gnu11;
				GCC_NO_COMMON_BLOCKS = YES;
				GCC_WARN_64_TO_32_BIT_CONVERSION = YES;
				GCC_WARN_ABOUT_RETURN_TYPE = YES_ERROR;
				GCC_WARN_UNDECLARED_SELECTOR = YES;
				GCC_WARN_UNINITIALIZED_AUTOS = YES_AGGRESSIVE;
				GCC_WARN_UNUSED_FUNCTION = YES;
				GCC_WARN_UNUSED_VARIABLE = YES;
				IPHONEOS_DEPLOYMENT_TARGET = 14.2;
				MTL_ENABLE_DEBUG_INFO = NO;
				MTL_FAST_MATH = YES;
				SDKROOT = iphoneos;
				SWIFT_COMPILATION_MODE = wholemodule;
				SWIFT_OPTIMIZATION_LEVEL = "-O";
				VALIDATE_PRODUCT = YES;
			};
			name = Release;
		};
		EA7F837B2594749D008B8ED5 /* Debug */ = {
			isa = XCBuildConfiguration;
			baseConfigurationReference = 39EBF39A9C1E3087EF09460E /* Pods-HARU.debug.xcconfig */;
			buildSettings = {
				ASSETCATALOG_COMPILER_APPICON_NAME = AppIcon;
				ASSETCATALOG_COMPILER_GLOBAL_ACCENT_COLOR_NAME = AccentColor;
				CODE_SIGN_STYLE = Automatic;
				DEVELOPMENT_TEAM = 8RLH6CULJ3;
				INFOPLIST_FILE = HARU/Info.plist;
				LD_RUNPATH_SEARCH_PATHS = (
					"$(inherited)",
					"@executable_path/Frameworks",
				);
				PRODUCT_BUNDLE_IDENTIFIER = LNJ.HARU;
				PRODUCT_NAME = "$(TARGET_NAME)";
				SWIFT_VERSION = 5.0;
				TARGETED_DEVICE_FAMILY = "1,2";
			};
			name = Debug;
		};
		EA7F837C2594749D008B8ED5 /* Release */ = {
			isa = XCBuildConfiguration;
			baseConfigurationReference = 54D27E88A803569AC424E619 /* Pods-HARU.release.xcconfig */;
			buildSettings = {
				ASSETCATALOG_COMPILER_APPICON_NAME = AppIcon;
				ASSETCATALOG_COMPILER_GLOBAL_ACCENT_COLOR_NAME = AccentColor;
				CODE_SIGN_STYLE = Automatic;
				DEVELOPMENT_TEAM = 8RLH6CULJ3;
				INFOPLIST_FILE = HARU/Info.plist;
				LD_RUNPATH_SEARCH_PATHS = (
					"$(inherited)",
					"@executable_path/Frameworks",
				);
				PRODUCT_BUNDLE_IDENTIFIER = LNJ.HARU;
				PRODUCT_NAME = "$(TARGET_NAME)";
				SWIFT_VERSION = 5.0;
				TARGETED_DEVICE_FAMILY = "1,2";
			};
			name = Release;
		};
/* End XCBuildConfiguration section */

/* Begin XCConfigurationList section */
		EA7F83612594749C008B8ED5 /* Build configuration list for PBXProject "HARU" */ = {
			isa = XCConfigurationList;
			buildConfigurations = (
				EA7F83782594749D008B8ED5 /* Debug */,
				EA7F83792594749D008B8ED5 /* Release */,
			);
			defaultConfigurationIsVisible = 0;
			defaultConfigurationName = Release;
		};
		EA7F837A2594749D008B8ED5 /* Build configuration list for PBXNativeTarget "HARU" */ = {
			isa = XCConfigurationList;
			buildConfigurations = (
				EA7F837B2594749D008B8ED5 /* Debug */,
				EA7F837C2594749D008B8ED5 /* Release */,
			);
			defaultConfigurationIsVisible = 0;
			defaultConfigurationName = Release;
		};
/* End XCConfigurationList section */
	};
	rootObject = EA7F835E2594749C008B8ED5 /* Project object */;
}
