PODS:
  - AFDateHelper (4.3.0)
  - DropDown (2.3.13)
  - FSCalendar (2.8.2)

DEPENDENCIES:
  - AFDateHelper
  - DropDown
  - FSCalendar

SPEC REPOS:
  trunk:
    - AFDateHelper
    - DropDown
    - FSCalendar

SPEC CHECKSUMS:
  AFDateHelper: b769c07d3d4784ee9a74633285304261bb27dc52
  DropDown: 8a2116376c1981888557f72ec2ffc9a5e0e456ec
  FSCalendar: e6a2eb9c571bf0719ed797ef807e08426753c241

PODFILE CHECKSUM: 27cf9cc34c55f927b5d283834ed5a3b2b2ba1e1d

COCOAPODS: 1.10.0
